
Microsoft Visual Studio Solution File, Format Version 12.00
# Visual Studio Version 17
VisualStudioVersion = 17.4.33403.182
MinimumVisualStudioVersion = 10.0.40219.1
Project("{FAE04EC0-301F-11D3-BF4B-00C04F79EFBC}") = "BookStore_CoreAPI", "BookStore_CoreAPI\BookStore_CoreAPI.csproj", "{9C766DCD-E31B-4C06-A444-2EF8C823AD46}"
EndProject
Global
	GlobalSection(SolutionConfigurationPlatforms) = preSolution
		Debug|Any CPU = Debug|Any CPU
		Release|Any CPU = Release|Any CPU
	EndGlobalSection
	GlobalSection(ProjectConfigurationPlatforms) = postSolution
		{9C766DCD-E31B-4C06-A444-2EF8C823AD46}.Debug|Any CPU.ActiveCfg = Debug|Any CPU
		{9C766DCD-E31B-4C06-A444-2EF8C823AD46}.Debug|Any CPU.Build.0 = Debug|Any CPU
		{9C766DCD-E31B-4C06-A444-2EF8C823AD46}.Release|Any CPU.ActiveCfg = Release|Any CPU
		{9C766DCD-E31B-4C06-A444-2EF8C823AD46}.Release|Any CPU.Build.0 = Release|Any CPU
	EndGlobalSection
	GlobalSection(SolutionProperties) = preSolution
		HideSolutionNode = FALSE
	EndGlobalSection
	GlobalSection(ExtensibilityGlobals) = postSolution
		SolutionGuid = {11152E2B-7611-48E6-BC44-E2D500D83665}
	EndGlobalSection
EndGlobal
